
Microsoft Visual Studio Solution File, Format Version 12.00
# Visual Studio Version 17
VisualStudioVersion = 17.12.35527.113 d17.12
MinimumVisualStudioVersion = 10.0.40219.1
Project("{FAE04EC0-301F-11D3-BF4B-00C04F79EFBC}") = "Srp", "Srp\Srp.csproj", "{506C1D4B-E161-4EC1-92B0-56948F046904}"
EndProject
Project("{FAE04EC0-301F-11D3-BF4B-00C04F79EFBC}") = "Ocp", "Ocp\Ocp.csproj", "{5B48F343-1EE4-489A-8022-43D3D7FF8B4B}"
EndProject
Project("{FAE04EC0-301F-11D3-BF4B-00C04F79EFBC}") = "Lsp", "Lsp\Lsp.csproj", "{8D7EEE30-203C-4EA7-8195-591A3543E070}"
EndProject
Project("{FAE04EC0-301F-11D3-BF4B-00C04F79EFBC}") = "Isp", "Isp\Isp.csproj", "{4478E406-EAFD-4353-A9A0-18943867A328}"
EndProject
Project("{FAE04EC0-301F-11D3-BF4B-00C04F79EFBC}") = "Dip", "Dip\Dip.csproj", "{700CF2F3-2051-43A2-9AC3-3B7EFE91AFE0}"
EndProject
Global
	GlobalSection(SolutionConfigurationPlatforms) = preSolution
		Debug|Any CPU = Debug|Any CPU
		Release|Any CPU = Release|Any CPU
	EndGlobalSection
	GlobalSection(ProjectConfigurationPlatforms) = postSolution
		{506C1D4B-E161-4EC1-92B0-56948F046904}.Debug|Any CPU.ActiveCfg = Debug|Any CPU
		{506C1D4B-E161-4EC1-92B0-56948F046904}.Debug|Any CPU.Build.0 = Debug|Any CPU
		{506C1D4B-E161-4EC1-92B0-56948F046904}.Release|Any CPU.ActiveCfg = Release|Any CPU
		{506C1D4B-E161-4EC1-92B0-56948F046904}.Release|Any CPU.Build.0 = Release|Any CPU
		{5B48F343-1EE4-489A-8022-43D3D7FF8B4B}.Debug|Any CPU.ActiveCfg = Debug|Any CPU
		{5B48F343-1EE4-489A-8022-43D3D7FF8B4B}.Debug|Any CPU.Build.0 = Debug|Any CPU
		{5B48F343-1EE4-489A-8022-43D3D7FF8B4B}.Release|Any CPU.ActiveCfg = Release|Any CPU
		{5B48F343-1EE4-489A-8022-43D3D7FF8B4B}.Release|Any CPU.Build.0 = Release|Any CPU
		{8D7EEE30-203C-4EA7-8195-591A3543E070}.Debug|Any CPU.ActiveCfg = Debug|Any CPU
		{8D7EEE30-203C-4EA7-8195-591A3543E070}.Debug|Any CPU.Build.0 = Debug|Any CPU
		{8D7EEE30-203C-4EA7-8195-591A3543E070}.Release|Any CPU.ActiveCfg = Release|Any CPU
		{8D7EEE30-203C-4EA7-8195-591A3543E070}.Release|Any CPU.Build.0 = Release|Any CPU
		{4478E406-EAFD-4353-A9A0-18943867A328}.Debug|Any CPU.ActiveCfg = Debug|Any CPU
		{4478E406-EAFD-4353-A9A0-18943867A328}.Debug|Any CPU.Build.0 = Debug|Any CPU
		{4478E406-EAFD-4353-A9A0-18943867A328}.Release|Any CPU.ActiveCfg = Release|Any CPU
		{4478E406-EAFD-4353-A9A0-18943867A328}.Release|Any CPU.Build.0 = Release|Any CPU
		{700CF2F3-2051-43A2-9AC3-3B7EFE91AFE0}.Debug|Any CPU.ActiveCfg = Debug|Any CPU
		{700CF2F3-2051-43A2-9AC3-3B7EFE91AFE0}.Debug|Any CPU.Build.0 = Debug|Any CPU
		{700CF2F3-2051-43A2-9AC3-3B7EFE91AFE0}.Release|Any CPU.ActiveCfg = Release|Any CPU
		{700CF2F3-2051-43A2-9AC3-3B7EFE91AFE0}.Release|Any CPU.Build.0 = Release|Any CPU
	EndGlobalSection
	GlobalSection(SolutionProperties) = preSolution
		HideSolutionNode = FALSE
	EndGlobalSection
EndGlobal
